
Microsoft Visual Studio Solution File, Format Version 12.00
# Visual Studio Version 17
VisualStudioVersion = 17.13.35825.156
MinimumVisualStudioVersion = 10.0.40219.1
Project("{FAE04EC0-301F-11D3-BF4B-00C04F79EFBC}") = "Try", "Try\Try.csproj", "{B55BEE70-4969-4B4E-A84C-997C10114B16}"
EndProject
Global
	GlobalSection(SolutionConfigurationPlatforms) = preSolution
		Debug|Any CPU = Debug|Any CPU
		Release|Any CPU = Release|Any CPU
	EndGlobalSection
	GlobalSection(ProjectConfigurationPlatforms) = postSolution
		{B55BEE70-4969-4B4E-A84C-997C10114B16}.Debug|Any CPU.ActiveCfg = Debug|Any CPU
		{B55BEE70-4969-4B4E-A84C-997C10114B16}.Debug|Any CPU.Build.0 = Debug|Any CPU
		{B55BEE70-4969-4B4E-A84C-997C10114B16}.Release|Any CPU.ActiveCfg = Release|Any CPU
		{B55BEE70-4969-4B4E-A84C-997C10114B16}.Release|Any CPU.Build.0 = Release|Any CPU
	EndGlobalSection
	GlobalSection(SolutionProperties) = preSolution
		HideSolutionNode = FALSE
	EndGlobalSection
	GlobalSection(ExtensibilityGlobals) = postSolution
		SolutionGuid = {117628D8-7CA7-45D0-90E5-8B730A95D795}
	EndGlobalSection
EndGlobal
